
Microsoft Visual Studio Solution File, Format Version 12.00
# Visual Studio Version 16
VisualStudioVersion = 16.0.31911.196
MinimumVisualStudioVersion = 10.0.40219.1
Project("{FAE04EC0-301F-11D3-BF4B-00C04F79EFBC}") = "UnitTest", "UnitTest\UnitTest.csproj", "{B3C64E32-AF19-41AB-B7E7-3EE6CF66334F}"
EndProject
Project("{FAE04EC0-301F-11D3-BF4B-00C04F79EFBC}") = "ConsoleApp.UnitTests", "ConsoleApp.UnitTests\ConsoleApp.UnitTests.csproj", "{A83230FF-84F6-4374-A6B3-E20DE6875CF5}"
EndProject
Global
	GlobalSection(SolutionConfigurationPlatforms) = preSolution
		Debug|Any CPU = Debug|Any CPU
		Release|Any CPU = Release|Any CPU
	EndGlobalSection
	GlobalSection(ProjectConfigurationPlatforms) = postSolution
		{B3C64E32-AF19-41AB-B7E7-3EE6CF66334F}.Debug|Any CPU.ActiveCfg = Debug|Any CPU
		{B3C64E32-AF19-41AB-B7E7-3EE6CF66334F}.Debug|Any CPU.Build.0 = Debug|Any CPU
		{B3C64E32-AF19-41AB-B7E7-3EE6CF66334F}.Release|Any CPU.ActiveCfg = Release|Any CPU
		{B3C64E32-AF19-41AB-B7E7-3EE6CF66334F}.Release|Any CPU.Build.0 = Release|Any CPU
		{A83230FF-84F6-4374-A6B3-E20DE6875CF5}.Debug|Any CPU.ActiveCfg = Debug|Any CPU
		{A83230FF-84F6-4374-A6B3-E20DE6875CF5}.Debug|Any CPU.Build.0 = Debug|Any CPU
		{A83230FF-84F6-4374-A6B3-E20DE6875CF5}.Release|Any CPU.ActiveCfg = Release|Any CPU
		{A83230FF-84F6-4374-A6B3-E20DE6875CF5}.Release|Any CPU.Build.0 = Release|Any CPU
	EndGlobalSection
	GlobalSection(SolutionProperties) = preSolution
		HideSolutionNode = FALSE
	EndGlobalSection
	GlobalSection(ExtensibilityGlobals) = postSolution
		SolutionGuid = {C3EF2DEB-BC7B-4E9B-B8A5-3DB9A1A240C9}
	EndGlobalSection
EndGlobal
